
Microsoft Visual Studio Solution File, Format Version 12.00
# Visual Studio Version 17
VisualStudioVersion = 17.0.32112.339
MinimumVisualStudioVersion = 10.0.40219.1
Project("{FAE04EC0-301F-11D3-BF4B-00C04F79EFBC}") = "Visual CSharp Biblical Translation", "Visual CSharp Biblical Translation.csproj", "{C5B032EE-BF6A-465B-ABD0-6253A2C394EF}"
EndProject
Global
	GlobalSection(SolutionConfigurationPlatforms) = preSolution
		Debug|Any CPU = Debug|Any CPU
		Release|Any CPU = Release|Any CPU
	EndGlobalSection
	GlobalSection(ProjectConfigurationPlatforms) = postSolution
		{C5B032EE-BF6A-465B-ABD0-6253A2C394EF}.Debug|Any CPU.ActiveCfg = Debug|Any CPU
		{C5B032EE-BF6A-465B-ABD0-6253A2C394EF}.Debug|Any CPU.Build.0 = Debug|Any CPU
		{C5B032EE-BF6A-465B-ABD0-6253A2C394EF}.Release|Any CPU.ActiveCfg = Release|Any CPU
		{C5B032EE-BF6A-465B-ABD0-6253A2C394EF}.Release|Any CPU.Build.0 = Release|Any CPU
	EndGlobalSection
	GlobalSection(SolutionProperties) = preSolution
		HideSolutionNode = FALSE
	EndGlobalSection
	GlobalSection(ExtensibilityGlobals) = postSolution
		SolutionGuid = {5E29CF13-504A-4E86-97D2-F2375799CB22}
	EndGlobalSection
EndGlobal
